
Microsoft Visual Studio Solution File, Format Version 12.00
# Visual Studio Version 16
VisualStudioVersion = 16.0.35425.106
MinimumVisualStudioVersion = 10.0.40219.1
Project("{FAE04EC0-301F-11D3-BF4B-00C04F79EFBC}") = "TestServerApp", "Server\TestServerApp.csproj", "{C0DDC813-3008-40FF-B0F4-FC487CFA3505}"
EndProject
Project("{FAE04EC0-301F-11D3-BF4B-00C04F79EFBC}") = "GNLib_Common", "Common\GNLib_Common.csproj", "{B1849B61-764D-4E14-902D-61287712244E}"
EndProject
Project("{FAE04EC0-301F-11D3-BF4B-00C04F79EFBC}") = "TestClientApp", "Client\TestClientApp.csproj", "{B4A5C905-58FE-47B3-A07C-37CC5FA7387F}"
EndProject
Project("{FAE04EC0-301F-11D3-BF4B-00C04F79EFBC}") = "GNLib_Server", "GNLib_Server\GNLib_Server.csproj", "{D2F99D01-274A-4A9F-AAD2-955FF33C4A71}"
EndProject
Project("{FAE04EC0-301F-11D3-BF4B-00C04F79EFBC}") = "GNLib_Client", "GNLib_Client\GNLib_Client.csproj", "{9958C89D-0A8C-4231-8BF6-627003377979}"
EndProject
Global
	GlobalSection(SolutionConfigurationPlatforms) = preSolution
		Debug|Any CPU = Debug|Any CPU
		Release|Any CPU = Release|Any CPU
	EndGlobalSection
	GlobalSection(ProjectConfigurationPlatforms) = postSolution
		{C0DDC813-3008-40FF-B0F4-FC487CFA3505}.Debug|Any CPU.ActiveCfg = Debug|Any CPU
		{C0DDC813-3008-40FF-B0F4-FC487CFA3505}.Debug|Any CPU.Build.0 = Debug|Any CPU
		{C0DDC813-3008-40FF-B0F4-FC487CFA3505}.Release|Any CPU.ActiveCfg = Release|Any CPU
		{C0DDC813-3008-40FF-B0F4-FC487CFA3505}.Release|Any CPU.Build.0 = Release|Any CPU
		{B1849B61-764D-4E14-902D-61287712244E}.Debug|Any CPU.ActiveCfg = Debug|Any CPU
		{B1849B61-764D-4E14-902D-61287712244E}.Debug|Any CPU.Build.0 = Debug|Any CPU
		{B1849B61-764D-4E14-902D-61287712244E}.Release|Any CPU.ActiveCfg = Release|Any CPU
		{B1849B61-764D-4E14-902D-61287712244E}.Release|Any CPU.Build.0 = Release|Any CPU
		{B4A5C905-58FE-47B3-A07C-37CC5FA7387F}.Debug|Any CPU.ActiveCfg = Debug|Any CPU
		{B4A5C905-58FE-47B3-A07C-37CC5FA7387F}.Debug|Any CPU.Build.0 = Debug|Any CPU
		{B4A5C905-58FE-47B3-A07C-37CC5FA7387F}.Release|Any CPU.ActiveCfg = Release|Any CPU
		{B4A5C905-58FE-47B3-A07C-37CC5FA7387F}.Release|Any CPU.Build.0 = Release|Any CPU
		{D2F99D01-274A-4A9F-AAD2-955FF33C4A71}.Debug|Any CPU.ActiveCfg = Debug|Any CPU
		{D2F99D01-274A-4A9F-AAD2-955FF33C4A71}.Debug|Any CPU.Build.0 = Debug|Any CPU
		{D2F99D01-274A-4A9F-AAD2-955FF33C4A71}.Release|Any CPU.ActiveCfg = Release|Any CPU
		{D2F99D01-274A-4A9F-AAD2-955FF33C4A71}.Release|Any CPU.Build.0 = Release|Any CPU
		{9958C89D-0A8C-4231-8BF6-627003377979}.Debug|Any CPU.ActiveCfg = Debug|Any CPU
		{9958C89D-0A8C-4231-8BF6-627003377979}.Debug|Any CPU.Build.0 = Debug|Any CPU
		{9958C89D-0A8C-4231-8BF6-627003377979}.Release|Any CPU.ActiveCfg = Release|Any CPU
		{9958C89D-0A8C-4231-8BF6-627003377979}.Release|Any CPU.Build.0 = Release|Any CPU
	EndGlobalSection
	GlobalSection(SolutionProperties) = preSolution
		HideSolutionNode = FALSE
	EndGlobalSection
	GlobalSection(ExtensibilityGlobals) = postSolution
		SolutionGuid = {692224BE-BE87-4506-809E-DC7A8C445C91}
	EndGlobalSection
EndGlobal
